
Microsoft Visual Studio Solution File, Format Version 12.00
Project("{FAE04EC0-301F-11D3-BF4B-00C04F79EFBC}") = "Dte.Common.Lambda", "Dte.Common.Lambda\Dte.Common.Lambda.csproj", "{C6D1DC5D-AA8C-4569-802C-7EEA9E963272}"
EndProject
Project("{2150E333-8FDC-42A3-9474-1A3956D46DE8}") = "Solution Items", "Solution Items", "{C9EA3298-8FCE-4667-9C36-4E89BF452C20}"
	ProjectSection(SolutionItems) = preProject
		global.json = global.json
		README.md = README.md
		.gitignore = .gitignore
	EndProjectSection
EndProject
Global
	GlobalSection(SolutionConfigurationPlatforms) = preSolution
		Debug|Any CPU = Debug|Any CPU
		Release|Any CPU = Release|Any CPU
	EndGlobalSection
	GlobalSection(ProjectConfigurationPlatforms) = postSolution
		{C6D1DC5D-AA8C-4569-802C-7EEA9E963272}.Debug|Any CPU.ActiveCfg = Debug|Any CPU
		{C6D1DC5D-AA8C-4569-802C-7EEA9E963272}.Debug|Any CPU.Build.0 = Debug|Any CPU
		{C6D1DC5D-AA8C-4569-802C-7EEA9E963272}.Release|Any CPU.ActiveCfg = Release|Any CPU
		{C6D1DC5D-AA8C-4569-802C-7EEA9E963272}.Release|Any CPU.Build.0 = Release|Any CPU
	EndGlobalSection
EndGlobal
